
Microsoft Visual Studio Solution File, Format Version 12.00
# Visual Studio Version 16
VisualStudioVersion = 16.0.31424.327
MinimumVisualStudioVersion = 10.0.40219.1
Project("{FAE04EC0-301F-11D3-BF4B-00C04F79EFBC}") = "CatalogoAPI", "CatalogoAPI\CatalogoAPI.csproj", "{D1DB76B4-C8CE-495C-ADC9-3FF4EC224E18}"
EndProject
Global
	GlobalSection(SolutionConfigurationPlatforms) = preSolution
		Debug|Any CPU = Debug|Any CPU
		Release|Any CPU = Release|Any CPU
	EndGlobalSection
	GlobalSection(ProjectConfigurationPlatforms) = postSolution
		{D1DB76B4-C8CE-495C-ADC9-3FF4EC224E18}.Debug|Any CPU.ActiveCfg = Debug|Any CPU
		{D1DB76B4-C8CE-495C-ADC9-3FF4EC224E18}.Debug|Any CPU.Build.0 = Debug|Any CPU
		{D1DB76B4-C8CE-495C-ADC9-3FF4EC224E18}.Release|Any CPU.ActiveCfg = Release|Any CPU
		{D1DB76B4-C8CE-495C-ADC9-3FF4EC224E18}.Release|Any CPU.Build.0 = Release|Any CPU
	EndGlobalSection
	GlobalSection(SolutionProperties) = preSolution
		HideSolutionNode = FALSE
	EndGlobalSection
	GlobalSection(ExtensibilityGlobals) = postSolution
		SolutionGuid = {3AAA4703-3002-4CCE-BE85-A4EF1572108A}
	EndGlobalSection
EndGlobal
